{
  "version": "4",
  "specifiers": {
    "jsr:@david/code-block-writer@^13.0.2": "13.0.3",
    "jsr:@deno/cache-dir@~0.10.3": "0.10.3",
    "jsr:@deno/dnt@0.41.3": "0.41.3",
    "jsr:@deno/graph@~0.73.1": "0.73.1",
    "jsr:@std/assert@0.223": "0.223.0",
    "jsr:@std/assert@0.226": "0.226.0",
    "jsr:@std/assert@1.0.6": "1.0.6",
    "jsr:@std/bytes@0.223": "0.223.0",
    "jsr:@std/fmt@0.223": "0.223.0",
    "jsr:@std/fmt@1": "1.0.2",
    "jsr:@std/fs@0.223": "0.223.0",
    "jsr:@std/fs@1": "1.0.4",
    "jsr:@std/fs@~0.229.3": "0.229.3",
    "jsr:@std/internal@^1.0.4": "1.0.4",
    "jsr:@std/io@0.223": "0.223.0",
    "jsr:@std/path@0.223": "0.223.0",
    "jsr:@std/path@1": "1.0.6",
    "jsr:@std/path@1.0.0-rc.1": "1.0.0-rc.1",
    "jsr:@std/path@^1.0.6": "1.0.6",
    "jsr:@std/path@~0.225.2": "0.225.2",
    "jsr:@ts-morph/bootstrap@0.24": "0.24.0",
    "jsr:@ts-morph/common@0.24": "0.24.0"
  },
  "jsr": {
    "@david/code-block-writer@13.0.3": {
      "integrity": "f98c77d320f5957899a61bfb7a9bead7c6d83ad1515daee92dbacc861e13bb7f"
    },
    "@deno/cache-dir@0.10.3": {
      "integrity": "eb022f84ecc49c91d9d98131c6e6b118ff63a29e343624d058646b9d50404776",
      "dependencies": [
        "jsr:@deno/graph",
        "jsr:@std/fmt@0.223",
        "jsr:@std/fs@0.223",
        "jsr:@std/io",
        "jsr:@std/path@0.223"
      ]
    },
    "@deno/dnt@0.41.3": {
      "integrity": "b2ef2c8a5111eef86cb5bfcae103d6a2938e8e649e2461634a7befb7fc59d6d2",
      "dependencies": [
        "jsr:@david/code-block-writer",
        "jsr:@deno/cache-dir",
        "jsr:@std/fmt@1",
        "jsr:@std/fs@1",
        "jsr:@std/path@1",
        "jsr:@ts-morph/bootstrap"
      ]
    },
    "@deno/graph@0.73.1": {
      "integrity": "cd69639d2709d479037d5ce191a422eabe8d71bb68b0098344f6b07411c84d41"
    },
    "@std/assert@0.223.0": {
      "integrity": "eb8d6d879d76e1cc431205bd346ed4d88dc051c6366365b1af47034b0670be24"
    },
    "@std/assert@0.226.0": {
      "integrity": "0dfb5f7c7723c18cec118e080fec76ce15b4c31154b15ad2bd74822603ef75b3"
    },
    "@std/assert@1.0.6": {
      "integrity": "1904c05806a25d94fe791d6d883b685c9e2dcd60e4f9fc30f4fc5cf010c72207",
      "dependencies": [
        "jsr:@std/internal"
      ]
    },
    "@std/bytes@0.223.0": {
      "integrity": "84b75052cd8680942c397c2631318772b295019098f40aac5c36cead4cba51a8"
    },
    "@std/fmt@0.223.0": {
      "integrity": "6deb37794127dfc7d7bded2586b9fc6f5d50e62a8134846608baf71ffc1a5208"
    },
    "@std/fmt@1.0.2": {
      "integrity": "87e9dfcdd3ca7c066e0c3c657c1f987c82888eb8103a3a3baa62684ffeb0f7a7"
    },
    "@std/fs@0.223.0": {
      "integrity": "3b4b0550b2c524cbaaa5a9170c90e96cbb7354e837ad1bdaf15fc9df1ae9c31c"
    },
    "@std/fs@0.229.3": {
      "integrity": "783bca21f24da92e04c3893c9e79653227ab016c48e96b3078377ebd5222e6eb",
      "dependencies": [
        "jsr:@std/path@1.0.0-rc.1"
      ]
    },
    "@std/fs@1.0.4": {
      "integrity": "2907d32d8d1d9e540588fd5fe0ec21ee638134bd51df327ad4e443aaef07123c",
      "dependencies": [
        "jsr:@std/path@^1.0.6"
      ]
    },
    "@std/internal@1.0.4": {
      "integrity": "62e8e4911527e5e4f307741a795c0b0a9e6958d0b3790716ae71ce085f755422"
    },
    "@std/io@0.223.0": {
      "integrity": "2d8c3c2ab3a515619b90da2c6ff5ea7b75a94383259ef4d02116b228393f84f1",
      "dependencies": [
        "jsr:@std/assert@0.223",
        "jsr:@std/bytes"
      ]
    },
    "@std/path@0.223.0": {
      "integrity": "593963402d7e6597f5a6e620931661053572c982fc014000459edc1f93cc3989",
      "dependencies": [
        "jsr:@std/assert@0.223"
      ]
    },
    "@std/path@0.225.2": {
      "integrity": "0f2db41d36b50ef048dcb0399aac720a5348638dd3cb5bf80685bf2a745aa506",
      "dependencies": [
        "jsr:@std/assert@0.226"
      ]
    },
    "@std/path@1.0.0-rc.1": {
      "integrity": "b8c00ae2f19106a6bb7cbf1ab9be52aa70de1605daeb2dbdc4f87a7cbaf10ff6"
    },
    "@std/path@1.0.6": {
      "integrity": "ab2c55f902b380cf28e0eec501b4906e4c1960d13f00e11cfbcd21de15f18fed"
    },
    "@ts-morph/bootstrap@0.24.0": {
      "integrity": "a826a2ef7fa8a7c3f1042df2c034d20744d94da2ee32bf29275bcd4dffd3c060",
      "dependencies": [
        "jsr:@ts-morph/common"
      ]
    },
    "@ts-morph/common@0.24.0": {
      "integrity": "12b625b8e562446ba658cdbe9ad77774b4bd96b992ae8bd34c60dbf24d06c1f3",
      "dependencies": [
        "jsr:@std/fs@~0.229.3",
        "jsr:@std/path@~0.225.2"
      ]
    }
  },
  "remote": {
    "https://raw.githubusercontent.com/i-xi-dev/number.es/10.1.0/deps.ts": "9a628aa24b6a8ec048a66f955676b4e1afb0d8e607a974d2f0d8526cc24efdec",
    "https://raw.githubusercontent.com/i-xi-dev/number.es/10.1.0/mod.ts": "602c521be29aef4375c41925ec07d24609c5323b10a57d5e13f0b580b1c66707",
    "https://raw.githubusercontent.com/i-xi-dev/number.es/10.1.0/src/big_integer.ts": "617997bcb4d7a4b20da27769a3034b08980cb2574a09c93eb35e9927832393f4",
    "https://raw.githubusercontent.com/i-xi-dev/number.es/10.1.0/src/big_integer_range.ts": "a6fbd84d0b788fee51a15a9c6bb592e9be83eb8d1f1bb49889823dad6846f9c9",
    "https://raw.githubusercontent.com/i-xi-dev/number.es/10.1.0/src/big_integer_uint_n.ts": "3220d7262c80f50df8fa1d5271f89ac4bcb1a3dca3449087b0f267cfdff3fb45",
    "https://raw.githubusercontent.com/i-xi-dev/number.es/10.1.0/src/integer.ts": "cd234a9a15cef124efa5f25957526c2fbc52b3bcb355c9a3e46eaf4c52709fa9",
    "https://raw.githubusercontent.com/i-xi-dev/number.es/10.1.0/src/integer_range.ts": "3b867e817d25af014622a94ff2a95d5316d297ecc28eaeb5c5e0cefc351454df",
    "https://raw.githubusercontent.com/i-xi-dev/number.es/10.1.0/src/numeric.ts": "8ed30c9893b6f3405d1dbb58b3a88173fcc01b8fee222d0bf4f1cff0feb15de8",
    "https://raw.githubusercontent.com/i-xi-dev/number.es/10.1.0/src/safe_integer.ts": "dd9bce3f152a9161f156a3d27c377805d5b89b2c24bc524f71cf47bb9ad1119c",
    "https://raw.githubusercontent.com/i-xi-dev/number.es/10.1.0/src/safe_integer_range.ts": "4adbed5ec99c5655605e4d98b490ff1cce9681a40caade02d3bd3b809102cd7c",
    "https://raw.githubusercontent.com/i-xi-dev/number.es/10.1.0/src/safe_integer_uint_n.ts": "8613e8494ebb3d58eee890030990e5e4a9cad25aeaa5f172e99d5c4219814ca3",
    "https://raw.githubusercontent.com/i-xi-dev/number.es/10.1.0/src/uint_n.ts": "b3ec798b0f9bbfac1330bab2ab62f3e5100cdb510359c0d9ef4411f614e983f3",
    "https://raw.githubusercontent.com/i-xi-dev/number.es/10.1.0/src/uint_n_type.ts": "79c566106cdc35542b1650291b42c46c5ce47f1dd7f4638fb873664e6b245167",
    "https://raw.githubusercontent.com/i-xi-dev/type.es/1.0.0/mod.ts": "cc30fa5a47e933811f9f32e1eff26597800acf1c5f1e9247a940a6d69e1e00de",
    "https://raw.githubusercontent.com/i-xi-dev/type.es/1.0.0/src/type.ts": "4df04ad5e846868f4c77a7369e3a227c25c6e5af2f53658f4c31b575a3c9accc"
  }
}
